PODS:
  - Alamofire (4.6.0)
  - ObjectMapper (3.1.0)
  - SnapKit (4.0.0)
  - SVProgressHUD (2.2.2)
  - SwiftLint (0.25.0)
  - SwiftyJSON (4.0.0)

DEPENDENCIES:
  - Alamofire (~> 4.5)
  - ObjectMapper (~> 3.1)
  - SnapKit (~> 4.0)
  - SVProgressHUD
  - SwiftLint
  - SwiftyJSON

SPEC CHECKSUMS:
  Alamofire: f41a599bd63041760b26d393ec1069d9d7b917f4
  ObjectMapper: 20505058f54e5c3ca69e1d6de9897d152a5369a6
  SnapKit: a42d492c16e80209130a3379f73596c3454b7694
  SVProgressHUD: 59b2d3dabacbd051576d21d32293ca7228dc18b0
  SwiftLint: e14651157288e9e01d6e1a71db7014fb5744a8ea
  SwiftyJSON: 070dabdcb1beb81b247c65ffa3a79dbbfb3b48aa

PODFILE CHECKSUM: fb615a756521db2b6c7813645e7bf6e9ceb345ce

COCOAPODS: 1.1.1
