// !$*UTF8*$!
{
	archiveVersion = 1;
	classes = {
	};
	objectVersion = 48;
	objects = {

/* Begin PBXBuildFile section */
		0BB7FA7D204BF4C00076BF66 /* RedViewController.swift in Sources */ = {isa = PBXBuildFile; fileRef = 0BB7FA78204BF4BF0076BF66 /* RedViewController.swift */; };
		0BB7FA7E204BF4C00076BF66 /* BlueViewController.swift in Sources */ = {isa = PBXBuildFile; fileRef = 0BB7FA79204BF4BF0076BF66 /* BlueViewController.swift */; };
		0BB7FA7F204BF4C00076BF66 /* EBPageViewController.swift in Sources */ = {isa = PBXBuildFile; fileRef = 0BB7FA7A204BF4BF0076BF66 /* EBPageViewController.swift */; };
		0BB7FA81204BF4C00076BF66 /* GreenViewController.swift in Sources */ = {isa = PBXBuildFile; fileRef = 0BB7FA7C204BF4C00076BF66 /* GreenViewController.swift */; };
		0BB7FA83204C08090076BF66 /* EBScrollView.swift in Sources */ = {isa = PBXBuildFile; fileRef = 0BB7FA82204C08090076BF66 /* EBScrollView.swift */; };
		0BB7FA85204C16A20076BF66 /* BasePageViewController.swift in Sources */ = {isa = PBXBuildFile; fileRef = 0BB7FA84204C16A20076BF66 /* BasePageViewController.swift */; };
		27CD341983EAA5C14A1A20AB /* Pods_BookmarkMobile.framework in Frameworks */ = {isa = PBXBuildFile; fileRef = 295C79D6AD45E67A49FD49A5 /* Pods_BookmarkMobile.framework */; };
		413BAAA76A56B5FF843454B3 /* Pods_BookmarkMobileTests.framework in Frameworks */ = {isa = PBXBuildFile; fileRef = B73C2EBAE507203E13A876B4 /* Pods_BookmarkMobileTests.framework */; };
		453A5557204ECCA200E19887 /* InformationCellView.swift in Sources */ = {isa = PBXBuildFile; fileRef = 453A5556204ECCA200E19887 /* InformationCellView.swift */; };
		453A555B204EE19A00E19887 /* InformationTableViewController.swift in Sources */ = {isa = PBXBuildFile; fileRef = 453A555A204EE19A00E19887 /* InformationTableViewController.swift */; };
		453F8E882050115A00EDA6D2 /* TopMenuButtonView.swift in Sources */ = {isa = PBXBuildFile; fileRef = 453F8E872050115A00EDA6D2 /* TopMenuButtonView.swift */; };
		4577DEB3203D85A70076A7D8 /* AddOnsButtonView.swift in Sources */ = {isa = PBXBuildFile; fileRef = 4577DEB2203D85A70076A7D8 /* AddOnsButtonView.swift */; };
		45B481E6205040C00094F6D2 /* LoyaltyButtonView.swift in Sources */ = {isa = PBXBuildFile; fileRef = 45B481E5205040C00094F6D2 /* LoyaltyButtonView.swift */; };
		45B481E820515BBF0094F6D2 /* AddAddOnsHeaderView.swift in Sources */ = {isa = PBXBuildFile; fileRef = 45B481E720515BBF0094F6D2 /* AddAddOnsHeaderView.swift */; };
		45C35D132046CBDB00B21B52 /* PopUpView.swift in Sources */ = {isa = PBXBuildFile; fileRef = 45C35D122046CBDB00B21B52 /* PopUpView.swift */; };
		45C35D172046F8C600B21B52 /* ExpendHeaderView.swift in Sources */ = {isa = PBXBuildFile; fileRef = 45C35D162046F8C600B21B52 /* ExpendHeaderView.swift */; };
		45C35D192047E15E00B21B52 /* CloseButton.swift in Sources */ = {isa = PBXBuildFile; fileRef = 45C35D182047E15E00B21B52 /* CloseButton.swift */; };
		45C35D1B204964FC00B21B52 /* StepperView.swift in Sources */ = {isa = PBXBuildFile; fileRef = 45C35D1A204964FC00B21B52 /* StepperView.swift */; };
		45C35D1D204C4A6800B21B52 /* SwitchStepperView.swift in Sources */ = {isa = PBXBuildFile; fileRef = 45C35D1C204C4A6800B21B52 /* SwitchStepperView.swift */; };
		45C35D1F204C67AF00B21B52 /* StepperComponentView.swift in Sources */ = {isa = PBXBuildFile; fileRef = 45C35D1E204C67AF00B21B52 /* StepperComponentView.swift */; };
		45CCA134204D990500C56D66 /* UsageInformationView.swift in Sources */ = {isa = PBXBuildFile; fileRef = 45CCA133204D990500C56D66 /* UsageInformationView.swift */; };
		45CF9D2F203ED56800A564CF /* ChangeButtonView.swift in Sources */ = {isa = PBXBuildFile; fileRef = 45CF9D2E203ED56800A564CF /* ChangeButtonView.swift */; };
		45CF9D332040053400A564CF /* ThreeButtonView.swift in Sources */ = {isa = PBXBuildFile; fileRef = 45CF9D322040053300A564CF /* ThreeButtonView.swift */; };
		4C18BF4E204C4DBC00DDFF9C /* MainScrollView.swift in Sources */ = {isa = PBXBuildFile; fileRef = 4C18BF4D204C4DBC00DDFF9C /* MainScrollView.swift */; };
		4C19C76D20553398001FFDD6 /* UserAccountPlansTableViewController.swift in Sources */ = {isa = PBXBuildFile; fileRef = 4C19C76C20553398001FFDD6 /* UserAccountPlansTableViewController.swift */; };
		4C19C76F20553806001FFDD6 /* AddOnsTableViewController.swift in Sources */ = {isa = PBXBuildFile; fileRef = 4C19C76E20553806001FFDD6 /* AddOnsTableViewController.swift */; };
		4C19C771205538C3001FFDD6 /* AddOnsTableViewHeader.swift in Sources */ = {isa = PBXBuildFile; fileRef = 4C19C770205538C3001FFDD6 /* AddOnsTableViewHeader.swift */; };
		4C36B1C3204568870055DB00 /* CollapsibleTableViewHeader.swift in Sources */ = {isa = PBXBuildFile; fileRef = 4C36B1BF204568870055DB00 /* CollapsibleTableViewHeader.swift */; };
		4C36B1C4204568870055DB00 /* ViewExtensions.swift in Sources */ = {isa = PBXBuildFile; fileRef = 4C36B1C0204568870055DB00 /* ViewExtensions.swift */; };
		4C36B1C5204568870055DB00 /* ExampleData.swift in Sources */ = {isa = PBXBuildFile; fileRef = 4C36B1C1204568870055DB00 /* ExampleData.swift */; };
		4C36B1C6204568870055DB00 /* CollapsibleTableViewCell.swift in Sources */ = {isa = PBXBuildFile; fileRef = 4C36B1C2204568870055DB00 /* CollapsibleTableViewCell.swift */; };
		4C3B0457203EB3B200A01E94 /* EBView.swift in Sources */ = {isa = PBXBuildFile; fileRef = 4C3B0456203EB3B200A01E94 /* EBView.swift */; };
		4C3B0459203ECF4D00A01E94 /* CHorizontalSlider.swift in Sources */ = {isa = PBXBuildFile; fileRef = 4C3B0458203ECF4D00A01E94 /* CHorizontalSlider.swift */; };
		4C451A1D2040170700FF9E3D /* EBHeaderView.swift in Sources */ = {isa = PBXBuildFile; fileRef = 4C451A1C2040170700FF9E3D /* EBHeaderView.swift */; };
		4C451A1F20405E3700FF9E3D /* EBCellView.swift in Sources */ = {isa = PBXBuildFile; fileRef = 4C451A1E20405E3700FF9E3D /* EBCellView.swift */; };
		4C4C4F6020501220003DC903 /* LoyaltyScrollView.swift in Sources */ = {isa = PBXBuildFile; fileRef = 4C4C4F5F20501220003DC903 /* LoyaltyScrollView.swift */; };
		4C4C4F6620504833003DC903 /* EBMainLoyaltyView.swift in Sources */ = {isa = PBXBuildFile; fileRef = 4C4C4F6520504833003DC903 /* EBMainLoyaltyView.swift */; };
		4C5AFF79204E793D00572447 /* FooterView.swift in Sources */ = {isa = PBXBuildFile; fileRef = 4C5AFF78204E793D00572447 /* FooterView.swift */; };
		4C741553203C670600A32734 /* EBLabel.swift in Sources */ = {isa = PBXBuildFile; fileRef = 4C741552203C670600A32734 /* EBLabel.swift */; };
		4C741555203C678F00A32734 /* ColorExtension.swift in Sources */ = {isa = PBXBuildFile; fileRef = 4C741554203C678F00A32734 /* ColorExtension.swift */; };
		4C7EBCBA2046989200D762EE /* CustomPopup.swift in Sources */ = {isa = PBXBuildFile; fileRef = 4C7EBCB92046989200D762EE /* CustomPopup.swift */; };
		4C839B0F2057CB480031ABF2 /* LoginFooterButtonView.swift in Sources */ = {isa = PBXBuildFile; fileRef = 4C839B0E2057CB480031ABF2 /* LoginFooterButtonView.swift */; };
		4C8B90ED204D97E3001C730C /* EBLevelKnowledge.swift in Sources */ = {isa = PBXBuildFile; fileRef = 4C8B90EC204D97E3001C730C /* EBLevelKnowledge.swift */; };
		4C9343B5203AF36F00848B9E /* HorizontalSlider.swift in Sources */ = {isa = PBXBuildFile; fileRef = 4C9343B4203AF36F00848B9E /* HorizontalSlider.swift */; };
		4CA3C37B2052B9CB00012E68 /* BaseTableViewCell.swift in Sources */ = {isa = PBXBuildFile; fileRef = 4CA3C37A2052B9CB00012E68 /* BaseTableViewCell.swift */; };
		4CBAD1FE203C0AEA00FC412B /* StepperButton.swift in Sources */ = {isa = PBXBuildFile; fileRef = 4CBAD1FD203C0AEA00FC412B /* StepperButton.swift */; };
		4CC89614204EC90400A2A87A /* EBUsageInfoPageView.swift in Sources */ = {isa = PBXBuildFile; fileRef = 4CC89613204EC90400A2A87A /* EBUsageInfoPageView.swift */; };
		4CC89616204EC97800A2A87A /* UsageInfoViewController.swift in Sources */ = {isa = PBXBuildFile; fileRef = 4CC89615204EC97800A2A87A /* UsageInfoViewController.swift */; };
		4CC89618204EF04800A2A87A /* EBTopLoyaltyView.swift in Sources */ = {isa = PBXBuildFile; fileRef = 4CC89617204EF04800A2A87A /* EBTopLoyaltyView.swift */; };
		4CCB4DBE20579FED00405261 /* TextfieldExtension.swift in Sources */ = {isa = PBXBuildFile; fileRef = 4CCB4DBD20579FED00405261 /* TextfieldExtension.swift */; };
		4CCB4DC02057A42C00405261 /* EBTextfield.swift in Sources */ = {isa = PBXBuildFile; fileRef = 4CCB4DBF2057A42C00405261 /* EBTextfield.swift */; };
		4CCB4DC22057A51200405261 /* LoginViewController.swift in Sources */ = {isa = PBXBuildFile; fileRef = 4CCB4DC12057A51200405261 /* LoginViewController.swift */; };
		4CCB4DC42057A90C00405261 /* ViewControllerExtension.swift in Sources */ = {isa = PBXBuildFile; fileRef = 4CCB4DC32057A90C00405261 /* ViewControllerExtension.swift */; };
		4CCB4DC62057BA1300405261 /* LoginWithView.swift in Sources */ = {isa = PBXBuildFile; fileRef = 4CCB4DC52057BA1300405261 /* LoginWithView.swift */; };
		69004CCB203D540700CC1215 /* HeaderView.swift in Sources */ = {isa = PBXBuildFile; fileRef = 69004CCA203D540700CC1215 /* HeaderView.swift */; };
		69017B7C20370FC00046B009 /* StringExtension.swift in Sources */ = {isa = PBXBuildFile; fileRef = 69017B7B20370FC00046B009 /* StringExtension.swift */; };
		69017B7E203712160046B009 /* IsNetworkConnectivityAvailable.swift in Sources */ = {isa = PBXBuildFile; fileRef = 69017B7D203712160046B009 /* IsNetworkConnectivityAvailable.swift */; };
		69316E74203AC01B00AC2F10 /* MemorizationView.swift in Sources */ = {isa = PBXBuildFile; fileRef = 69316E73203AC01B00AC2F10 /* MemorizationView.swift */; };
		6989CEDB204537CF00157BDB /* .swiftlint.yml in Resources */ = {isa = PBXBuildFile; fileRef = 6989CEDA204537CF00157BDB /* .swiftlint.yml */; };
		8408E0232036D68F004ABC0A /* AppDelegate.swift in Sources */ = {isa = PBXBuildFile; fileRef = 8408E0222036D68F004ABC0A /* AppDelegate.swift */; };
		8408E0252036D68F004ABC0A /* ViewController.swift in Sources */ = {isa = PBXBuildFile; fileRef = 8408E0242036D68F004ABC0A /* ViewController.swift */; };
		8408E02A2036D68F004ABC0A /* Assets.xcassets in Resources */ = {isa = PBXBuildFile; fileRef = 8408E0292036D68F004ABC0A /* Assets.xcassets */; };
		8408E02D2036D68F004ABC0A /* LaunchScreen.storyboard in Resources */ = {isa = PBXBuildFile; fileRef = 8408E02B2036D68F004ABC0A /* LaunchScreen.storyboard */; };
		8408E0382036D68F004ABC0A /* BookmarkMobileTests.swift in Sources */ = {isa = PBXBuildFile; fileRef = 8408E0372036D68F004ABC0A /* BookmarkMobileTests.swift */; };
		8408E0432036D68F004ABC0A /* BookmarkMobileUITests.swift in Sources */ = {isa = PBXBuildFile; fileRef = 8408E0422036D68F004ABC0A /* BookmarkMobileUITests.swift */; };
		8408E0542036EFFF004ABC0A /* Test.xib in Resources */ = {isa = PBXBuildFile; fileRef = 8408E0532036EFFF004ABC0A /* Test.xib */; };
		8408E0562036F01A004ABC0A /* Message.swift in Sources */ = {isa = PBXBuildFile; fileRef = 8408E0552036F01A004ABC0A /* Message.swift */; };
		8408E0592036F5A5004ABC0A /* Utilities.swift in Sources */ = {isa = PBXBuildFile; fileRef = 8408E0582036F5A5004ABC0A /* Utilities.swift */; };
		8408E05C2036FA36004ABC0A /* BookmarkSessionManager.swift in Sources */ = {isa = PBXBuildFile; fileRef = 8408E05B2036FA36004ABC0A /* BookmarkSessionManager.swift */; };
		8408E05E203710AE004ABC0A /* BaseViewController.swift in Sources */ = {isa = PBXBuildFile; fileRef = 8408E05D203710AE004ABC0A /* BaseViewController.swift */; };
		8408E065203AD05F004ABC0A /* RoundButton.swift in Sources */ = {isa = PBXBuildFile; fileRef = 8408E064203AD05F004ABC0A /* RoundButton.swift */; };
		8408E067203BFA3E004ABC0A /* AlignedImageButton.swift in Sources */ = {isa = PBXBuildFile; fileRef = 8408E066203BFA3E004ABC0A /* AlignedImageButton.swift */; };
		8408E06A203C1013004ABC0A /* Styling.swift in Sources */ = {isa = PBXBuildFile; fileRef = 8408E069203C1013004ABC0A /* Styling.swift */; };
		8408E06C203C1033004ABC0A /* RoundView.swift in Sources */ = {isa = PBXBuildFile; fileRef = 8408E06B203C1033004ABC0A /* RoundView.swift */; };
		8408E06E203C12D6004ABC0A /* testComponent.swift in Sources */ = {isa = PBXBuildFile; fileRef = 8408E06D203C12D6004ABC0A /* testComponent.swift */; };
		8408E070203C12EF004ABC0A /* testCell.swift in Sources */ = {isa = PBXBuildFile; fileRef = 8408E06F203C12EF004ABC0A /* testCell.swift */; };
		8408E075203C6480004ABC0A /* AlaattinViewController.swift in Sources */ = {isa = PBXBuildFile; fileRef = 8408E073203C6480004ABC0A /* AlaattinViewController.swift */; };
		8408E076203C6480004ABC0A /* AlaattinViewController.xib in Resources */ = {isa = PBXBuildFile; fileRef = 8408E074203C6480004ABC0A /* AlaattinViewController.xib */; };
		8408E079203C655C004ABC0A /* BilgeViewController.swift in Sources */ = {isa = PBXBuildFile; fileRef = 8408E077203C655C004ABC0A /* BilgeViewController.swift */; };
		8408E07A203C655C004ABC0A /* BilgeViewController.xib in Resources */ = {isa = PBXBuildFile; fileRef = 8408E078203C655C004ABC0A /* BilgeViewController.xib */; };
		8408E07D203C6573004ABC0A /* UmutViewController.swift in Sources */ = {isa = PBXBuildFile; fileRef = 8408E07B203C6573004ABC0A /* UmutViewController.swift */; };
		8408E081203C6583004ABC0A /* OzcanViewController.swift in Sources */ = {isa = PBXBuildFile; fileRef = 8408E07F203C6583004ABC0A /* OzcanViewController.swift */; };
		8408E082203C6583004ABC0A /* OzcanViewController.xib in Resources */ = {isa = PBXBuildFile; fileRef = 8408E080203C6583004ABC0A /* OzcanViewController.xib */; };
		8408E085203C6594004ABC0A /* EnesViewController.swift in Sources */ = {isa = PBXBuildFile; fileRef = 8408E083203C6594004ABC0A /* EnesViewController.swift */; };
		8408E086203C6594004ABC0A /* EnesViewController.xib in Resources */ = {isa = PBXBuildFile; fileRef = 8408E084203C6594004ABC0A /* EnesViewController.xib */; };
		8408E089203D58DB004ABC0A /* MessageTests.swift in Sources */ = {isa = PBXBuildFile; fileRef = 8408E088203D58DB004ABC0A /* MessageTests.swift */; };
		849267072057C31E00B32ACD /* Localizable.strings in Resources */ = {isa = PBXBuildFile; fileRef = 849267052057C31E00B32ACD /* Localizable.strings */; };
		CE69C9A073B8DEBC6D3FC864 /* Pods_BookmarkMobileUITests.framework in Frameworks */ = {isa = PBXBuildFile; fileRef = 05105D23C47C7788D93BDAF2 /* Pods_BookmarkMobileUITests.framework */; };
/* End PBXBuildFile section */

/* Begin PBXContainerItemProxy section */
		8408E0342036D68F004ABC0A /* PBXContainerItemProxy */ = {
			isa = PBXContainerItemProxy;
			containerPortal = 8408E0172036D68F004ABC0A /* Project object */;
			proxyType = 1;
			remoteGlobalIDString = 8408E01E2036D68F004ABC0A;
			remoteInfo = BookmarkMobile;
		};
		8408E03F2036D68F004ABC0A /* PBXContainerItemProxy */ = {
			isa = PBXContainerItemProxy;
			containerPortal = 8408E0172036D68F004ABC0A /* Project object */;
			proxyType = 1;
			remoteGlobalIDString = 8408E01E2036D68F004ABC0A;
			remoteInfo = BookmarkMobile;
		};
/* End PBXContainerItemProxy section */

/* Begin PBXFileReference section */
		04EAEC40EDE44A7D20DF142F /* Pods-BookmarkMobileTests.debug.xcconfig */ = {isa = PBXFileReference; includeInIndex = 1; lastKnownFileType = text.xcconfig; name = "Pods-BookmarkMobileTests.debug.xcconfig"; path = "Pods/Target Support Files/Pods-BookmarkMobileTests/Pods-BookmarkMobileTests.debug.xcconfig"; sourceTree = "<group>"; };
		05105D23C47C7788D93BDAF2 /* Pods_BookmarkMobileUITests.framework */ = {isa = PBXFileReference; explicitFileType = wrapper.framework; includeInIndex = 0; path = Pods_BookmarkMobileUITests.framework; sourceTree = BUILT_PRODUCTS_DIR; };
		0BB7FA78204BF4BF0076BF66 /* RedViewController.swift */ = {isa = PBXFileReference; fileEncoding = 4; lastKnownFileType = sourcecode.swift; path = RedViewController.swift; sourceTree = "<group>"; };
		0BB7FA79204BF4BF0076BF66 /* BlueViewController.swift */ = {isa = PBXFileReference; fileEncoding = 4; lastKnownFileType = sourcecode.swift; path = BlueViewController.swift; sourceTree = "<group>"; };
		0BB7FA7A204BF4BF0076BF66 /* EBPageViewController.swift */ = {isa = PBXFileReference; fileEncoding = 4; lastKnownFileType = sourcecode.swift; path = EBPageViewController.swift; sourceTree = "<group>"; };
		0BB7FA7C204BF4C00076BF66 /* GreenViewController.swift */ = {isa = PBXFileReference; fileEncoding = 4; lastKnownFileType = sourcecode.swift; path = GreenViewController.swift; sourceTree = "<group>"; };
		0BB7FA82204C08090076BF66 /* EBScrollView.swift */ = {isa = PBXFileReference; lastKnownFileType = sourcecode.swift; path = EBScrollView.swift; sourceTree = "<group>"; };
		0BB7FA84204C16A20076BF66 /* BasePageViewController.swift */ = {isa = PBXFileReference; lastKnownFileType = sourcecode.swift; path = BasePageViewController.swift; sourceTree = "<group>"; };
		295C79D6AD45E67A49FD49A5 /* Pods_BookmarkMobile.framework */ = {isa = PBXFileReference; explicitFileType = wrapper.framework; includeInIndex = 0; path = Pods_BookmarkMobile.framework; sourceTree = BUILT_PRODUCTS_DIR; };
		334DDC35F148B7AFC7B97028 /* Pods-BookmarkMobile.release.xcconfig */ = {isa = PBXFileReference; includeInIndex = 1; lastKnownFileType = text.xcconfig; name = "Pods-BookmarkMobile.release.xcconfig"; path = "Pods/Target Support Files/Pods-BookmarkMobile/Pods-BookmarkMobile.release.xcconfig"; sourceTree = "<group>"; };
		44A3CB195EA69579FD23CDC9 /* Pods-BookmarkMobileUITests.release.xcconfig */ = {isa = PBXFileReference; includeInIndex = 1; lastKnownFileType = text.xcconfig; name = "Pods-BookmarkMobileUITests.release.xcconfig"; path = "Pods/Target Support Files/Pods-BookmarkMobileUITests/Pods-BookmarkMobileUITests.release.xcconfig"; sourceTree = "<group>"; };
		453A5556204ECCA200E19887 /* InformationCellView.swift */ = {isa = PBXFileReference; lastKnownFileType = sourcecode.swift; path = InformationCellView.swift; sourceTree = "<group>"; };
		453A555A204EE19A00E19887 /* InformationTableViewController.swift */ = {isa = PBXFileReference; lastKnownFileType = sourcecode.swift; path = InformationTableViewController.swift; sourceTree = "<group>"; };
		453F8E872050115A00EDA6D2 /* TopMenuButtonView.swift */ = {isa = PBXFileReference; lastKnownFileType = sourcecode.swift; path = TopMenuButtonView.swift; sourceTree = "<group>"; };
		4577DEB2203D85A70076A7D8 /* AddOnsButtonView.swift */ = {isa = PBXFileReference; lastKnownFileType = sourcecode.swift; path = AddOnsButtonView.swift; sourceTree = "<group>"; };
		45B481E5205040C00094F6D2 /* LoyaltyButtonView.swift */ = {isa = PBXFileReference; lastKnownFileType = sourcecode.swift; path = LoyaltyButtonView.swift; sourceTree = "<group>"; };
		45B481E720515BBF0094F6D2 /* AddAddOnsHeaderView.swift */ = {isa = PBXFileReference; lastKnownFileType = sourcecode.swift; path = AddAddOnsHeaderView.swift; sourceTree = "<group>"; };
		45C35D122046CBDB00B21B52 /* PopUpView.swift */ = {isa = PBXFileReference; lastKnownFileType = sourcecode.swift; path = PopUpView.swift; sourceTree = "<group>"; };
		45C35D162046F8C600B21B52 /* ExpendHeaderView.swift */ = {isa = PBXFileReference; lastKnownFileType = sourcecode.swift; path = ExpendHeaderView.swift; sourceTree = "<group>"; };
		45C35D182047E15E00B21B52 /* CloseButton.swift */ = {isa = PBXFileReference; lastKnownFileType = sourcecode.swift; path = CloseButton.swift; sourceTree = "<group>"; };
		45C35D1A204964FC00B21B52 /* StepperView.swift */ = {isa = PBXFileReference; lastKnownFileType = sourcecode.swift; path = StepperView.swift; sourceTree = "<group>"; };
		45C35D1C204C4A6800B21B52 /* SwitchStepperView.swift */ = {isa = PBXFileReference; lastKnownFileType = sourcecode.swift; path = SwitchStepperView.swift; sourceTree = "<group>"; };
		45C35D1E204C67AF00B21B52 /* StepperComponentView.swift */ = {isa = PBXFileReference; lastKnownFileType = sourcecode.swift; path = StepperComponentView.swift; sourceTree = "<group>"; };
		45CCA133204D990500C56D66 /* UsageInformationView.swift */ = {isa = PBXFileReference; lastKnownFileType = sourcecode.swift; path = UsageInformationView.swift; sourceTree = "<group>"; };
		45CF9D2E203ED56800A564CF /* ChangeButtonView.swift */ = {isa = PBXFileReference; lastKnownFileType = sourcecode.swift; path = ChangeButtonView.swift; sourceTree = "<group>"; };
		45CF9D322040053300A564CF /* ThreeButtonView.swift */ = {isa = PBXFileReference; lastKnownFileType = sourcecode.swift; path = ThreeButtonView.swift; sourceTree = "<group>"; };
		4AB81D1AB5BF29F3D76A801D /* Pods-BookmarkMobile.debug.xcconfig */ = {isa = PBXFileReference; includeInIndex = 1; lastKnownFileType = text.xcconfig; name = "Pods-BookmarkMobile.debug.xcconfig"; path = "Pods/Target Support Files/Pods-BookmarkMobile/Pods-BookmarkMobile.debug.xcconfig"; sourceTree = "<group>"; };
		4C18BF4D204C4DBC00DDFF9C /* MainScrollView.swift */ = {isa = PBXFileReference; lastKnownFileType = sourcecode.swift; path = MainScrollView.swift; sourceTree = "<group>"; };
		4C19C76C20553398001FFDD6 /* UserAccountPlansTableViewController.swift */ = {isa = PBXFileReference; lastKnownFileType = sourcecode.swift; path = UserAccountPlansTableViewController.swift; sourceTree = "<group>"; };
		4C19C76E20553806001FFDD6 /* AddOnsTableViewController.swift */ = {isa = PBXFileReference; lastKnownFileType = sourcecode.swift; path = AddOnsTableViewController.swift; sourceTree = "<group>"; };
		4C19C770205538C3001FFDD6 /* AddOnsTableViewHeader.swift */ = {isa = PBXFileReference; lastKnownFileType = sourcecode.swift; path = AddOnsTableViewHeader.swift; sourceTree = "<group>"; };
		4C36B1BF204568870055DB00 /* CollapsibleTableViewHeader.swift */ = {isa = PBXFileReference; fileEncoding = 4; lastKnownFileType = sourcecode.swift; path = CollapsibleTableViewHeader.swift; sourceTree = "<group>"; };
		4C36B1C0204568870055DB00 /* ViewExtensions.swift */ = {isa = PBXFileReference; fileEncoding = 4; lastKnownFileType = sourcecode.swift; path = ViewExtensions.swift; sourceTree = "<group>"; };
		4C36B1C1204568870055DB00 /* ExampleData.swift */ = {isa = PBXFileReference; fileEncoding = 4; lastKnownFileType = sourcecode.swift; path = ExampleData.swift; sourceTree = "<group>"; };
		4C36B1C2204568870055DB00 /* CollapsibleTableViewCell.swift */ = {isa = PBXFileReference; fileEncoding = 4; lastKnownFileType = sourcecode.swift; path = CollapsibleTableViewCell.swift; sourceTree = "<group>"; };
		4C3B0456203EB3B200A01E94 /* EBView.swift */ = {isa = PBXFileReference; lastKnownFileType = sourcecode.swift; path = EBView.swift; sourceTree = "<group>"; };
		4C3B0458203ECF4D00A01E94 /* CHorizontalSlider.swift */ = {isa = PBXFileReference; lastKnownFileType = sourcecode.swift; path = CHorizontalSlider.swift; sourceTree = "<group>"; };
		4C451A1C2040170700FF9E3D /* EBHeaderView.swift */ = {isa = PBXFileReference; fileEncoding = 4; lastKnownFileType = sourcecode.swift; path = EBHeaderView.swift; sourceTree = "<group>"; };
		4C451A1E20405E3700FF9E3D /* EBCellView.swift */ = {isa = PBXFileReference; lastKnownFileType = sourcecode.swift; path = EBCellView.swift; sourceTree = "<group>"; };
		4C4C4F5F20501220003DC903 /* LoyaltyScrollView.swift */ = {isa = PBXFileReference; lastKnownFileType = sourcecode.swift; path = LoyaltyScrollView.swift; sourceTree = "<group>"; };
		4C4C4F6520504833003DC903 /* EBMainLoyaltyView.swift */ = {isa = PBXFileReference; lastKnownFileType = sourcecode.swift; path = EBMainLoyaltyView.swift; sourceTree = "<group>"; };
		4C5AFF78204E793D00572447 /* FooterView.swift */ = {isa = PBXFileReference; lastKnownFileType = sourcecode.swift; path = FooterView.swift; sourceTree = "<group>"; };
		4C741552203C670600A32734 /* EBLabel.swift */ = {isa = PBXFileReference; lastKnownFileType = sourcecode.swift; path = EBLabel.swift; sourceTree = "<group>"; };
		4C741554203C678F00A32734 /* ColorExtension.swift */ = {isa = PBXFileReference; lastKnownFileType = sourcecode.swift; path = ColorExtension.swift; sourceTree = "<group>"; };
		4C7EBCB92046989200D762EE /* CustomPopup.swift */ = {isa = PBXFileReference; lastKnownFileType = sourcecode.swift; path = CustomPopup.swift; sourceTree = "<group>"; };
		4C839B0E2057CB480031ABF2 /* LoginFooterButtonView.swift */ = {isa = PBXFileReference; lastKnownFileType = sourcecode.swift; path = LoginFooterButtonView.swift; sourceTree = "<group>"; };
		4C8B90EC204D97E3001C730C /* EBLevelKnowledge.swift */ = {isa = PBXFileReference; lastKnownFileType = sourcecode.swift; path = EBLevelKnowledge.swift; sourceTree = "<group>"; };
		4C9343B4203AF36F00848B9E /* HorizontalSlider.swift */ = {isa = PBXFileReference; lastKnownFileType = sourcecode.swift; path = HorizontalSlider.swift; sourceTree = "<group>"; };
		4CA3C37A2052B9CB00012E68 /* BaseTableViewCell.swift */ = {isa = PBXFileReference; fileEncoding = 4; lastKnownFileType = sourcecode.swift; path = BaseTableViewCell.swift; sourceTree = "<group>"; };
		4CBAD1FD203C0AEA00FC412B /* StepperButton.swift */ = {isa = PBXFileReference; lastKnownFileType = sourcecode.swift; path = StepperButton.swift; sourceTree = "<group>"; };
		4CC89613204EC90400A2A87A /* EBUsageInfoPageView.swift */ = {isa = PBXFileReference; lastKnownFileType = sourcecode.swift; path = EBUsageInfoPageView.swift; sourceTree = "<group>"; };
		4CC89615204EC97800A2A87A /* UsageInfoViewController.swift */ = {isa = PBXFileReference; lastKnownFileType = sourcecode.swift; path = UsageInfoViewController.swift; sourceTree = "<group>"; };
		4CC89617204EF04800A2A87A /* EBTopLoyaltyView.swift */ = {isa = PBXFileReference; lastKnownFileType = sourcecode.swift; path = EBTopLoyaltyView.swift; sourceTree = "<group>"; };
		4CCB4DBD20579FED00405261 /* TextfieldExtension.swift */ = {isa = PBXFileReference; lastKnownFileType = sourcecode.swift; path = TextfieldExtension.swift; sourceTree = "<group>"; };
		4CCB4DBF2057A42C00405261 /* EBTextfield.swift */ = {isa = PBXFileReference; lastKnownFileType = sourcecode.swift; path = EBTextfield.swift; sourceTree = "<group>"; };
		4CCB4DC12057A51200405261 /* LoginViewController.swift */ = {isa = PBXFileReference; lastKnownFileType = sourcecode.swift; path = LoginViewController.swift; sourceTree = "<group>"; };
		4CCB4DC32057A90C00405261 /* ViewControllerExtension.swift */ = {isa = PBXFileReference; lastKnownFileType = sourcecode.swift; path = ViewControllerExtension.swift; sourceTree = "<group>"; };
		4CCB4DC52057BA1300405261 /* LoginWithView.swift */ = {isa = PBXFileReference; lastKnownFileType = sourcecode.swift; path = LoginWithView.swift; sourceTree = "<group>"; };
		69004CCA203D540700CC1215 /* HeaderView.swift */ = {isa = PBXFileReference; lastKnownFileType = sourcecode.swift; path = HeaderView.swift; sourceTree = "<group>"; };
		69017B7B20370FC00046B009 /* StringExtension.swift */ = {isa = PBXFileReference; lastKnownFileType = sourcecode.swift; path = StringExtension.swift; sourceTree = "<group>"; };
		69017B7D203712160046B009 /* IsNetworkConnectivityAvailable.swift */ = {isa = PBXFileReference; lastKnownFileType = sourcecode.swift; path = IsNetworkConnectivityAvailable.swift; sourceTree = "<group>"; };
		69316E73203AC01B00AC2F10 /* MemorizationView.swift */ = {isa = PBXFileReference; fileEncoding = 4; lastKnownFileType = sourcecode.swift; path = MemorizationView.swift; sourceTree = "<group>"; };
		6989CEDA204537CF00157BDB /* .swiftlint.yml */ = {isa = PBXFileReference; lastKnownFileType = text; path = .swiftlint.yml; sourceTree = "<group>"; };
		8408E01F2036D68F004ABC0A /* BookmarkMobile.app */ = {isa = PBXFileReference; explicitFileType = wrapper.application; includeInIndex = 0; path = BookmarkMobile.app; sourceTree = BUILT_PRODUCTS_DIR; };
		8408E0222036D68F004ABC0A /* AppDelegate.swift */ = {isa = PBXFileReference; lastKnownFileType = sourcecode.swift; path = AppDelegate.swift; sourceTree = "<group>"; };
		8408E0242036D68F004ABC0A /* ViewController.swift */ = {isa = PBXFileReference; lastKnownFileType = sourcecode.swift; path = ViewController.swift; sourceTree = "<group>"; };
		8408E0292036D68F004ABC0A /* Assets.xcassets */ = {isa = PBXFileReference; lastKnownFileType = folder.assetcatalog; path = Assets.xcassets; sourceTree = "<group>"; };
		8408E02C2036D68F004ABC0A /* Base */ = {isa = PBXFileReference; lastKnownFileType = file.storyboard; name = Base; path = Base.lproj/LaunchScreen.storyboard; sourceTree = "<group>"; };
		8408E02E2036D68F004ABC0A /* Info.plist */ = {isa = PBXFileReference; lastKnownFileType = text.plist.xml; path = Info.plist; sourceTree = "<group>"; };
		8408E0332036D68F004ABC0A /* BookmarkMobileTests.xctest */ = {isa = PBXFileReference; explicitFileType = wrapper.cfbundle; includeInIndex = 0; path = BookmarkMobileTests.xctest; sourceTree = BUILT_PRODUCTS_DIR; };
		8408E0372036D68F004ABC0A /* BookmarkMobileTests.swift */ = {isa = PBXFileReference; lastKnownFileType = sourcecode.swift; path = BookmarkMobileTests.swift; sourceTree = "<group>"; };
		8408E0392036D68F004ABC0A /* Info.plist */ = {isa = PBXFileReference; lastKnownFileType = text.plist.xml; path = Info.plist; sourceTree = "<group>"; };
		8408E03E2036D68F004ABC0A /* BookmarkMobileUITests.xctest */ = {isa = PBXFileReference; explicitFileType = wrapper.cfbundle; includeInIndex = 0; path = BookmarkMobileUITests.xctest; sourceTree = BUILT_PRODUCTS_DIR; };
		8408E0422036D68F004ABC0A /* BookmarkMobileUITests.swift */ = {isa = PBXFileReference; lastKnownFileType = sourcecode.swift; path = BookmarkMobileUITests.swift; sourceTree = "<group>"; };
		8408E0442036D68F004ABC0A /* Info.plist */ = {isa = PBXFileReference; lastKnownFileType = text.plist.xml; path = Info.plist; sourceTree = "<group>"; };
		8408E0532036EFFF004ABC0A /* Test.xib */ = {isa = PBXFileReference; lastKnownFileType = file.xib; path = Test.xib; sourceTree = "<group>"; };
		8408E0552036F01A004ABC0A /* Message.swift */ = {isa = PBXFileReference; lastKnownFileType = sourcecode.swift; path = Message.swift; sourceTree = "<group>"; };
		8408E0582036F5A5004ABC0A /* Utilities.swift */ = {isa = PBXFileReference; fileEncoding = 4; lastKnownFileType = sourcecode.swift; path = Utilities.swift; sourceTree = "<group>"; };
		8408E05B2036FA36004ABC0A /* BookmarkSessionManager.swift */ = {isa = PBXFileReference; lastKnownFileType = sourcecode.swift; path = BookmarkSessionManager.swift; sourceTree = "<group>"; };
		8408E05D203710AE004ABC0A /* BaseViewController.swift */ = {isa = PBXFileReference; lastKnownFileType = sourcecode.swift; path = BaseViewController.swift; sourceTree = "<group>"; };
		8408E064203AD05F004ABC0A /* RoundButton.swift */ = {isa = PBXFileReference; lastKnownFileType = sourcecode.swift; path = RoundButton.swift; sourceTree = "<group>"; };
		8408E066203BFA3E004ABC0A /* AlignedImageButton.swift */ = {isa = PBXFileReference; lastKnownFileType = sourcecode.swift; path = AlignedImageButton.swift; sourceTree = "<group>"; };
		8408E069203C1013004ABC0A /* Styling.swift */ = {isa = PBXFileReference; fileEncoding = 4; lastKnownFileType = sourcecode.swift; path = Styling.swift; sourceTree = "<group>"; };
		8408E06B203C1033004ABC0A /* RoundView.swift */ = {isa = PBXFileReference; fileEncoding = 4; lastKnownFileType = sourcecode.swift; path = RoundView.swift; sourceTree = "<group>"; };
		8408E06D203C12D6004ABC0A /* testComponent.swift */ = {isa = PBXFileReference; lastKnownFileType = sourcecode.swift; path = testComponent.swift; sourceTree = "<group>"; };
		8408E06F203C12EF004ABC0A /* testCell.swift */ = {isa = PBXFileReference; lastKnownFileType = sourcecode.swift; path = testCell.swift; sourceTree = "<group>"; };
		8408E073203C6480004ABC0A /* AlaattinViewController.swift */ = {isa = PBXFileReference; lastKnownFileType = sourcecode.swift; path = AlaattinViewController.swift; sourceTree = "<group>"; };
		8408E074203C6480004ABC0A /* AlaattinViewController.xib */ = {isa = PBXFileReference; lastKnownFileType = file.xib; path = AlaattinViewController.xib; sourceTree = "<group>"; };
		8408E077203C655C004ABC0A /* BilgeViewController.swift */ = {isa = PBXFileReference; lastKnownFileType = sourcecode.swift; path = BilgeViewController.swift; sourceTree = "<group>"; };
		8408E078203C655C004ABC0A /* BilgeViewController.xib */ = {isa = PBXFileReference; lastKnownFileType = file.xib; path = BilgeViewController.xib; sourceTree = "<group>"; };
		8408E07B203C6573004ABC0A /* UmutViewController.swift */ = {isa = PBXFileReference; lastKnownFileType = sourcecode.swift; path = UmutViewController.swift; sourceTree = "<group>"; };
		8408E07F203C6583004ABC0A /* OzcanViewController.swift */ = {isa = PBXFileReference; lastKnownFileType = sourcecode.swift; path = OzcanViewController.swift; sourceTree = "<group>"; };
		8408E080203C6583004ABC0A /* OzcanViewController.xib */ = {isa = PBXFileReference; lastKnownFileType = file.xib; path = OzcanViewController.xib; sourceTree = "<group>"; };
		8408E083203C6594004ABC0A /* EnesViewController.swift */ = {isa = PBXFileReference; lastKnownFileType = sourcecode.swift; path = EnesViewController.swift; sourceTree = "<group>"; };
		8408E084203C6594004ABC0A /* EnesViewController.xib */ = {isa = PBXFileReference; lastKnownFileType = file.xib; path = EnesViewController.xib; sourceTree = "<group>"; };
		8408E088203D58DB004ABC0A /* MessageTests.swift */ = {isa = PBXFileReference; lastKnownFileType = sourcecode.swift; path = MessageTests.swift; sourceTree = "<group>"; };
		849267032057C2AC00B32ACD /* en */ = {isa = PBXFileReference; lastKnownFileType = text.plist.strings; name = en; path = en.lproj/LaunchScreen.strings; sourceTree = "<group>"; };
		849267042057C2B700B32ACD /* fr */ = {isa = PBXFileReference; lastKnownFileType = text.plist.strings; name = fr; path = fr.lproj/LaunchScreen.strings; sourceTree = "<group>"; };
		849267062057C31E00B32ACD /* Base */ = {isa = PBXFileReference; lastKnownFileType = text.plist.strings; name = Base; path = "Supporting Files/Base.lproj/Localizable.strings"; sourceTree = "<group>"; };
		849267082057C32700B32ACD /* en */ = {isa = PBXFileReference; lastKnownFileType = text.plist.strings; name = en; path = "Supporting Files/en.lproj/Localizable.strings"; sourceTree = "<group>"; };
		849267092057C32800B32ACD /* fr */ = {isa = PBXFileReference; lastKnownFileType = text.plist.strings; name = fr; path = "Supporting Files/fr.lproj/Localizable.strings"; sourceTree = "<group>"; };
		AFE951CA1B8A879DDAAF64B0 /* Pods-BookmarkMobileUITests.debug.xcconfig */ = {isa = PBXFileReference; includeInIndex = 1; lastKnownFileType = text.xcconfig; name = "Pods-BookmarkMobileUITests.debug.xcconfig"; path = "Pods/Target Support Files/Pods-BookmarkMobileUITests/Pods-BookmarkMobileUITests.debug.xcconfig"; sourceTree = "<group>"; };
		B73C2EBAE507203E13A876B4 /* Pods_BookmarkMobileTests.framework */ = {isa = PBXFileReference; explicitFileType = wrapper.framework; includeInIndex = 0; path = Pods_BookmarkMobileTests.framework; sourceTree = BUILT_PRODUCTS_DIR; };
		DE513DAE58555C52CDA16578 /* Pods-BookmarkMobileTests.release.xcconfig */ = {isa = PBXFileReference; includeInIndex = 1; lastKnownFileType = text.xcconfig; name = "Pods-BookmarkMobileTests.release.xcconfig"; path = "Pods/Target Support Files/Pods-BookmarkMobileTests/Pods-BookmarkMobileTests.release.xcconfig"; sourceTree = "<group>"; };
/* End PBXFileReference section */

/* Begin PBXFrameworksBuildPhase section */
		8408E01C2036D68F004ABC0A /* Frameworks */ = {
			isa = PBXFrameworksBuildPhase;
			buildActionMask = 2147483647;
			files = (
				27CD341983EAA5C14A1A20AB /* Pods_BookmarkMobile.framework in Frameworks */,
			);
			runOnlyForDeploymentPostprocessing = 0;
		};
		8408E0302036D68F004ABC0A /* Frameworks */ = {
			isa = PBXFrameworksBuildPhase;
			buildActionMask = 2147483647;
			files = (
				413BAAA76A56B5FF843454B3 /* Pods_BookmarkMobileTests.framework in Frameworks */,
			);
			runOnlyForDeploymentPostprocessing = 0;
		};
		8408E03B2036D68F004ABC0A /* Frameworks */ = {
			isa = PBXFrameworksBuildPhase;
			buildActionMask = 2147483647;
			files = (
				CE69C9A073B8DEBC6D3FC864 /* Pods_BookmarkMobileUITests.framework in Frameworks */,
			);
			runOnlyForDeploymentPostprocessing = 0;
		};
/* End PBXFrameworksBuildPhase section */

/* Begin PBXGroup section */
		060C852977C01A48C6E0608C /* Pods */ = {
			isa = PBXGroup;
			children = (
				4AB81D1AB5BF29F3D76A801D /* Pods-BookmarkMobile.debug.xcconfig */,
				334DDC35F148B7AFC7B97028 /* Pods-BookmarkMobile.release.xcconfig */,
				04EAEC40EDE44A7D20DF142F /* Pods-BookmarkMobileTests.debug.xcconfig */,
				DE513DAE58555C52CDA16578 /* Pods-BookmarkMobileTests.release.xcconfig */,
				AFE951CA1B8A879DDAAF64B0 /* Pods-BookmarkMobileUITests.debug.xcconfig */,
				44A3CB195EA69579FD23CDC9 /* Pods-BookmarkMobileUITests.release.xcconfig */,
			);
			name = Pods;
			sourceTree = "<group>";
		};
		4C92B4D9204D2F5D00347293 /* BaseControllers */ = {
			isa = PBXGroup;
			children = (
				0BB7FA84204C16A20076BF66 /* BasePageViewController.swift */,
				8408E05D203710AE004ABC0A /* BaseViewController.swift */,
			);
			path = BaseControllers;
			sourceTree = "<group>";
		};
		4C92B4DA204D2FB900347293 /* PageView */ = {
			isa = PBXGroup;
			children = (
				0BB7FA7A204BF4BF0076BF66 /* EBPageViewController.swift */,
				0BB7FA79204BF4BF0076BF66 /* BlueViewController.swift */,
				0BB7FA7C204BF4C00076BF66 /* GreenViewController.swift */,
				0BB7FA78204BF4BF0076BF66 /* RedViewController.swift */,
			);
			path = PageView;
			sourceTree = "<group>";
		};
		4CC89612204EC8B500A2A87A /* UsageInfoPageView */ = {
			isa = PBXGroup;
			children = (
				4CC89613204EC90400A2A87A /* EBUsageInfoPageView.swift */,
				4CC89615204EC97800A2A87A /* UsageInfoViewController.swift */,
			);
			path = UsageInfoPageView;
			sourceTree = "<group>";
		};
		5AC4212E732EA6459FD4B347 /* Frameworks */ = {
			isa = PBXGroup;
			children = (
				295C79D6AD45E67A49FD49A5 /* Pods_BookmarkMobile.framework */,
				B73C2EBAE507203E13A876B4 /* Pods_BookmarkMobileTests.framework */,
				05105D23C47C7788D93BDAF2 /* Pods_BookmarkMobileUITests.framework */,
			);
			name = Frameworks;
			sourceTree = "<group>";
		};
		69017B78203706340046B009 /* Supporting Files */ = {
			isa = PBXGroup;
			children = (
				8408E0292036D68F004ABC0A /* Assets.xcassets */,
				8408E02B2036D68F004ABC0A /* LaunchScreen.storyboard */,
			);
			path = "Supporting Files";
			sourceTree = "<group>";
		};
		69017B7920370D810046B009 /* Extensions */ = {
			isa = PBXGroup;
			children = (
				4C36B1C0204568870055DB00 /* ViewExtensions.swift */,
				69017B7B20370FC00046B009 /* StringExtension.swift */,
				4C741554203C678F00A32734 /* ColorExtension.swift */,
				4CCB4DBD20579FED00405261 /* TextfieldExtension.swift */,
				4CCB4DC32057A90C00405261 /* ViewControllerExtension.swift */,
			);
			path = Extensions;
			sourceTree = "<group>";
		};
		69017B7A20370D8B0046B009 /* Protocol */ = {
			isa = PBXGroup;
			children = (
				69017B7D203712160046B009 /* IsNetworkConnectivityAvailable.swift */,
			);
			path = Protocol;
			sourceTree = "<group>";
		};
		8408E0162036D68F004ABC0A = {
			isa = PBXGroup;
			children = (
				6989CEDA204537CF00157BDB /* .swiftlint.yml */,
				8408E0212036D68F004ABC0A /* BookmarkMobile */,
				8408E0362036D68F004ABC0A /* BookmarkMobileTests */,
				8408E0412036D68F004ABC0A /* BookmarkMobileUITests */,
				8408E0202036D68F004ABC0A /* Products */,
				060C852977C01A48C6E0608C /* Pods */,
				5AC4212E732EA6459FD4B347 /* Frameworks */,
			);
			sourceTree = "<group>";
		};
		8408E0202036D68F004ABC0A /* Products */ = {
			isa = PBXGroup;
			children = (
				8408E01F2036D68F004ABC0A /* BookmarkMobile.app */,
				8408E0332036D68F004ABC0A /* BookmarkMobileTests.xctest */,
				8408E03E2036D68F004ABC0A /* BookmarkMobileUITests.xctest */,
			);
			name = Products;
			sourceTree = "<group>";
		};
		8408E0212036D68F004ABC0A /* BookmarkMobile */ = {
			isa = PBXGroup;
			children = (
				8408E05A2036F9FC004ABC0A /* API */,
				8408E0572036F537004ABC0A /* Helpers */,
				8408E0522036EBC5004ABC0A /* Controllers */,
				8408E0512036EBBE004ABC0A /* Views */,
				8408E0502036EBAF004ABC0A /* Models */,
				69017B7A20370D8B0046B009 /* Protocol */,
				69017B7920370D810046B009 /* Extensions */,
				69017B78203706340046B009 /* Supporting Files */,
				8408E0222036D68F004ABC0A /* AppDelegate.swift */,
				8408E02E2036D68F004ABC0A /* Info.plist */,
				849267052057C31E00B32ACD /* Localizable.strings */,
			);
			path = BookmarkMobile;
			sourceTree = "<group>";
		};
		8408E0362036D68F004ABC0A /* BookmarkMobileTests */ = {
			isa = PBXGroup;
			children = (
				8408E087203D5893004ABC0A /* Models */,
				8408E0372036D68F004ABC0A /* BookmarkMobileTests.swift */,
				8408E0392036D68F004ABC0A /* Info.plist */,
			);
			path = BookmarkMobileTests;
			sourceTree = "<group>";
		};
		8408E0412036D68F004ABC0A /* BookmarkMobileUITests */ = {
			isa = PBXGroup;
			children = (
				8408E0422036D68F004ABC0A /* BookmarkMobileUITests.swift */,
				8408E0442036D68F004ABC0A /* Info.plist */,
			);
			path = BookmarkMobileUITests;
			sourceTree = "<group>";
		};
		8408E0502036EBAF004ABC0A /* Models */ = {
			isa = PBXGroup;
			children = (
				8408E0552036F01A004ABC0A /* Message.swift */,
			);
			path = Models;
			sourceTree = "<group>";
		};
		8408E0512036EBBE004ABC0A /* Views */ = {
			isa = PBXGroup;
			children = (
				8408E061203AC70F004ABC0A /* Cells */,
				8408E060203AC704004ABC0A /* Components */,
				8408E05F203AC6F2004ABC0A /* Controls */,
				8408E0532036EFFF004ABC0A /* Test.xib */,
				69316E73203AC01B00AC2F10 /* MemorizationView.swift */,
			);
			path = Views;
			sourceTree = "<group>";
		};
		8408E0522036EBC5004ABC0A /* Controllers */ = {
			isa = PBXGroup;
			children = (
				4C92B4D9204D2F5D00347293 /* BaseControllers */,
				4C36B1C1204568870055DB00 /* ExampleData.swift */,
				8408E0242036D68F004ABC0A /* ViewController.swift */,
				8408E073203C6480004ABC0A /* AlaattinViewController.swift */,
				8408E074203C6480004ABC0A /* AlaattinViewController.xib */,
				8408E077203C655C004ABC0A /* BilgeViewController.swift */,
				8408E078203C655C004ABC0A /* BilgeViewController.xib */,
				8408E07B203C6573004ABC0A /* UmutViewController.swift */,
				8408E07F203C6583004ABC0A /* OzcanViewController.swift */,
				8408E080203C6583004ABC0A /* OzcanViewController.xib */,
				8408E083203C6594004ABC0A /* EnesViewController.swift */,
				8408E084203C6594004ABC0A /* EnesViewController.xib */,
				453A555A204EE19A00E19887 /* InformationTableViewController.swift */,
				4C19C76C20553398001FFDD6 /* UserAccountPlansTableViewController.swift */,
				4C36B1BF204568870055DB00 /* CollapsibleTableViewHeader.swift */,
				4C19C76E20553806001FFDD6 /* AddOnsTableViewController.swift */,
				4C19C770205538C3001FFDD6 /* AddOnsTableViewHeader.swift */,
				4CCB4DC12057A51200405261 /* LoginViewController.swift */,
			);
			path = Controllers;
			sourceTree = "<group>";
		};
		8408E0572036F537004ABC0A /* Helpers */ = {
			isa = PBXGroup;
			children = (
				8408E069203C1013004ABC0A /* Styling.swift */,
				8408E0582036F5A5004ABC0A /* Utilities.swift */,
			);
			path = Helpers;
			sourceTree = "<group>";
		};
		8408E05A2036F9FC004ABC0A /* API */ = {
			isa = PBXGroup;
			children = (
				8408E05B2036FA36004ABC0A /* BookmarkSessionManager.swift */,
			);
			path = API;
			sourceTree = "<group>";
		};
		8408E05F203AC6F2004ABC0A /* Controls */ = {
			isa = PBXGroup;
			children = (
				8408E06B203C1033004ABC0A /* RoundView.swift */,
				8408E064203AD05F004ABC0A /* RoundButton.swift */,
				4C9343B4203AF36F00848B9E /* HorizontalSlider.swift */,
				8408E066203BFA3E004ABC0A /* AlignedImageButton.swift */,
				4C741552203C670600A32734 /* EBLabel.swift */,
				4C3B0456203EB3B200A01E94 /* EBView.swift */,
				4C3B0458203ECF4D00A01E94 /* CHorizontalSlider.swift */,
				45C35D182047E15E00B21B52 /* CloseButton.swift */,
				0BB7FA82204C08090076BF66 /* EBScrollView.swift */,
				4CCB4DBF2057A42C00405261 /* EBTextfield.swift */,
			);
			path = Controls;
			sourceTree = "<group>";
		};
		8408E060203AC704004ABC0A /* Components */ = {
			isa = PBXGroup;
			children = (
				4CC89612204EC8B500A2A87A /* UsageInfoPageView */,
				4C92B4DA204D2FB900347293 /* PageView */,
				8408E06D203C12D6004ABC0A /* testComponent.swift */,
				69004CCA203D540700CC1215 /* HeaderView.swift */,
				45C35D1E204C67AF00B21B52 /* StepperComponentView.swift */,
				4C7EBCB92046989200D762EE /* CustomPopup.swift */,
				4C8B90EC204D97E3001C730C /* EBLevelKnowledge.swift */,
				45CCA133204D990500C56D66 /* UsageInformationView.swift */,
				4C5AFF78204E793D00572447 /* FooterView.swift */,
				453A5556204ECCA200E19887 /* InformationCellView.swift */,
				4CC89617204EF04800A2A87A /* EBTopLoyaltyView.swift */,
				453F8E872050115A00EDA6D2 /* TopMenuButtonView.swift */,
				45B481E5205040C00094F6D2 /* LoyaltyButtonView.swift */,
				4C4C4F6520504833003DC903 /* EBMainLoyaltyView.swift */,
				45B481E720515BBF0094F6D2 /* AddAddOnsHeaderView.swift */,
				4C451A1C2040170700FF9E3D /* EBHeaderView.swift */,
				4CBAD1FD203C0AEA00FC412B /* StepperButton.swift */,
				4577DEB2203D85A70076A7D8 /* AddOnsButtonView.swift */,
				45CF9D2E203ED56800A564CF /* ChangeButtonView.swift */,
				45CF9D322040053300A564CF /* ThreeButtonView.swift */,
				4C451A1E20405E3700FF9E3D /* EBCellView.swift */,
				45C35D122046CBDB00B21B52 /* PopUpView.swift */,
				45C35D162046F8C600B21B52 /* ExpendHeaderView.swift */,
				45C35D1A204964FC00B21B52 /* StepperView.swift */,
				45C35D1C204C4A6800B21B52 /* SwitchStepperView.swift */,
				4C18BF4D204C4DBC00DDFF9C /* MainScrollView.swift */,
				4C4C4F5F20501220003DC903 /* LoyaltyScrollView.swift */,
				4CCB4DC52057BA1300405261 /* LoginWithView.swift */,
				4C839B0E2057CB480031ABF2 /* LoginFooterButtonView.swift */,
			);
			path = Components;
			sourceTree = "<group>";
		};
		8408E061203AC70F004ABC0A /* Cells */ = {
			isa = PBXGroup;
			children = (
				4C36B1C2204568870055DB00 /* CollapsibleTableViewCell.swift */,
				8408E06F203C12EF004ABC0A /* testCell.swift */,
				4CA3C37A2052B9CB00012E68 /* BaseTableViewCell.swift */,
			);
			path = Cells;
			sourceTree = "<group>";
		};
		8408E087203D5893004ABC0A /* Models */ = {
			isa = PBXGroup;
			children = (
				8408E088203D58DB004ABC0A /* MessageTests.swift */,
			);
			path = Models;
			sourceTree = "<group>";
		};
/* End PBXGroup section */

/* Begin PBXNativeTarget section */
		8408E01E2036D68F004ABC0A /* BookmarkMobile */ = {
			isa = PBXNativeTarget;
			buildConfigurationList = 8408E0472036D68F004ABC0A /* Build configuration list for PBXNativeTarget "BookmarkMobile" */;
			buildPhases = (
				73D6617139E6FE066338721D /* [CP] Check Pods Manifest.lock */,
				8408E01B2036D68F004ABC0A /* Sources */,
				8408E01C2036D68F004ABC0A /* Frameworks */,
				8408E01D2036D68F004ABC0A /* Resources */,
				9122F9E2C8A4B30E269A7E0F /* [CP] Embed Pods Frameworks */,
				5E79B95D325854636B94C24D /* [CP] Copy Pods Resources */,
				6989CED72045377700157BDB /* ShellScript */,
				6989CEDC204538BB00157BDB /* ShellScript */,
			);
			buildRules = (
			);
			dependencies = (
			);
			name = BookmarkMobile;
			productName = BookmarkMobile;
			productReference = 8408E01F2036D68F004ABC0A /* BookmarkMobile.app */;
			productType = "com.apple.product-type.application";
		};
		8408E0322036D68F004ABC0A /* BookmarkMobileTests */ = {
			isa = PBXNativeTarget;
			buildConfigurationList = 8408E04A2036D68F004ABC0A /* Build configuration list for PBXNativeTarget "BookmarkMobileTests" */;
			buildPhases = (
				D0D44F90384C2A4BD96CFAEA /* [CP] Check Pods Manifest.lock */,
				8408E02F2036D68F004ABC0A /* Sources */,
				8408E0302036D68F004ABC0A /* Frameworks */,
				8408E0312036D68F004ABC0A /* Resources */,
				CE86893352ED81A81B1351B3 /* [CP] Embed Pods Frameworks */,
				2AF1A30EAAD0579284D4D785 /* [CP] Copy Pods Resources */,
			);
			buildRules = (
			);
			dependencies = (
				8408E0352036D68F004ABC0A /* PBXTargetDependency */,
			);
			name = BookmarkMobileTests;
			productName = BookmarkMobileTests;
			productReference = 8408E0332036D68F004ABC0A /* BookmarkMobileTests.xctest */;
			productType = "com.apple.product-type.bundle.unit-test";
		};
		8408E03D2036D68F004ABC0A /* BookmarkMobileUITests */ = {
			isa = PBXNativeTarget;
			buildConfigurationList = 8408E04D2036D68F004ABC0A /* Build configuration list for PBXNativeTarget "BookmarkMobileUITests" */;
			buildPhases = (
				034C7C1D9E2B6F3F2709026F /* [CP] Check Pods Manifest.lock */,
				8408E03A2036D68F004ABC0A /* Sources */,
				8408E03B2036D68F004ABC0A /* Frameworks */,
				8408E03C2036D68F004ABC0A /* Resources */,
				399342908CC6891E6752FDC7 /* [CP] Embed Pods Frameworks */,
				16EE5F630188B4C3227E6982 /* [CP] Copy Pods Resources */,
			);
			buildRules = (
			);
			dependencies = (
				8408E0402036D68F004ABC0A /* PBXTargetDependency */,
			);
			name = BookmarkMobileUITests;
			productName = BookmarkMobileUITests;
			productReference = 8408E03E2036D68F004ABC0A /* BookmarkMobileUITests.xctest */;
			productType = "com.apple.product-type.bundle.ui-testing";
		};
/* End PBXNativeTarget section */

/* Begin PBXProject section */
		8408E0172036D68F004ABC0A /* Project object */ = {
			isa = PBXProject;
			attributes = {
				LastSwiftUpdateCheck = 0920;
				LastUpgradeCheck = 0920;
				ORGANIZATIONNAME = Nookmark;
				TargetAttributes = {
					8408E01E2036D68F004ABC0A = {
						CreatedOnToolsVersion = 9.2;
						ProvisioningStyle = Automatic;
					};
					8408E0322036D68F004ABC0A = {
						CreatedOnToolsVersion = 9.2;
						ProvisioningStyle = Automatic;
						TestTargetID = 8408E01E2036D68F004ABC0A;
					};
					8408E03D2036D68F004ABC0A = {
						CreatedOnToolsVersion = 9.2;
						ProvisioningStyle = Automatic;
						TestTargetID = 8408E01E2036D68F004ABC0A;
					};
				};
			};
			buildConfigurationList = 8408E01A2036D68F004ABC0A /* Build configuration list for PBXProject "BookmarkMobile" */;
			compatibilityVersion = "Xcode 8.0";
			developmentRegion = en;
			hasScannedForEncodings = 0;
			knownRegions = (
				Base,
				en,
				fr,
			);
			mainGroup = 8408E0162036D68F004ABC0A;
			productRefGroup = 8408E0202036D68F004ABC0A /* Products */;
			projectDirPath = "";
			projectRoot = "";
			targets = (
				8408E01E2036D68F004ABC0A /* BookmarkMobile */,
				8408E0322036D68F004ABC0A /* BookmarkMobileTests */,
				8408E03D2036D68F004ABC0A /* BookmarkMobileUITests */,
			);
		};
/* End PBXProject section */

/* Begin PBXResourcesBuildPhase section */
		8408E01D2036D68F004ABC0A /* Resources */ = {
			isa = PBXResourcesBuildPhase;
			buildActionMask = 2147483647;
			files = (
				6989CEDB204537CF00157BDB /* .swiftlint.yml in Resources */,
				8408E07A203C655C004ABC0A /* BilgeViewController.xib in Resources */,
				8408E02D2036D68F004ABC0A /* LaunchScreen.storyboard in Resources */,
				8408E082203C6583004ABC0A /* OzcanViewController.xib in Resources */,
				849267072057C31E00B32ACD /* Localizable.strings in Resources */,
				8408E0542036EFFF004ABC0A /* Test.xib in Resources */,
				8408E076203C6480004ABC0A /* AlaattinViewController.xib in Resources */,
				8408E02A2036D68F004ABC0A /* Assets.xcassets in Resources */,
				8408E086203C6594004ABC0A /* EnesViewController.xib in Resources */,
			);
			runOnlyForDeploymentPostprocessing = 0;
		};
		8408E0312036D68F004ABC0A /* Resources */ = {
			isa = PBXResourcesBuildPhase;
			buildActionMask = 2147483647;
			files = (
			);
			runOnlyForDeploymentPostprocessing = 0;
		};
		8408E03C2036D68F004ABC0A /* Resources */ = {
			isa = PBXResourcesBuildPhase;
			buildActionMask = 2147483647;
			files = (
			);
			runOnlyForDeploymentPostprocessing = 0;
		};
/* End PBXResourcesBuildPhase section */

/* Begin PBXShellScriptBuildPhase section */
		034C7C1D9E2B6F3F2709026F /* [CP] Check Pods Manifest.lock */ = {
			isa = PBXShellScriptBuildPhase;
			buildActionMask = 2147483647;
			files = (
			);
			inputPaths = (
				"${PODS_PODFILE_DIR_PATH}/Podfile.lock",
				"${PODS_ROOT}/Manifest.lock",
			);
			name = "[CP] Check Pods Manifest.lock";
			outputPaths = (
				"$(DERIVED_FILE_DIR)/Pods-BookmarkMobileUITests-checkManifestLockResult.txt",
			);
			runOnlyForDeploymentPostprocessing = 0;
			shellPath = /bin/sh;
			shellScript = "diff \"${PODS_ROOT}/../Podfile.lock\" \"${PODS_ROOT}/Manifest.lock\" > /dev/null\nif [ $? != 0 ] ; then\n    # print error to STDERR\n    echo \"error: The sandbox is not in sync with the Podfile.lock. Run 'pod install' or update your CocoaPods installation.\" >&2\n    exit 1\nfi\n";
			showEnvVarsInLog = 0;
		};
		16EE5F630188B4C3227E6982 /* [CP] Copy Pods Resources */ = {
			isa = PBXShellScriptBuildPhase;
			buildActionMask = 2147483647;
			files = (
			);
			inputPaths = (
			);
			name = "[CP] Copy Pods Resources";
			outputPaths = (
			);
			runOnlyForDeploymentPostprocessing = 0;
			shellPath = /bin/sh;
			shellScript = "\"${SRCROOT}/Pods/Target Support Files/Pods-BookmarkMobileUITests/Pods-BookmarkMobileUITests-resources.sh\"\n";
			showEnvVarsInLog = 0;
		};
		2AF1A30EAAD0579284D4D785 /* [CP] Copy Pods Resources */ = {
			isa = PBXShellScriptBuildPhase;
			buildActionMask = 2147483647;
			files = (
			);
			inputPaths = (
			);
			name = "[CP] Copy Pods Resources";
			outputPaths = (
			);
			runOnlyForDeploymentPostprocessing = 0;
			shellPath = /bin/sh;
			shellScript = "\"${SRCROOT}/Pods/Target Support Files/Pods-BookmarkMobileTests/Pods-BookmarkMobileTests-resources.sh\"\n";
			showEnvVarsInLog = 0;
		};
		399342908CC6891E6752FDC7 /* [CP] Embed Pods Frameworks */ = {
			isa = PBXShellScriptBuildPhase;
			buildActionMask = 2147483647;
			files = (
			);
			inputPaths = (
			);
			name = "[CP] Embed Pods Frameworks";
			outputPaths = (
			);
			runOnlyForDeploymentPostprocessing = 0;
			shellPath = /bin/sh;
			shellScript = "\"${SRCROOT}/Pods/Target Support Files/Pods-BookmarkMobileUITests/Pods-BookmarkMobileUITests-frameworks.sh\"\n";
			showEnvVarsInLog = 0;
		};
		5E79B95D325854636B94C24D /* [CP] Copy Pods Resources */ = {
			isa = PBXShellScriptBuildPhase;
			buildActionMask = 2147483647;
			files = (
			);
			inputPaths = (
			);
			name = "[CP] Copy Pods Resources";
			outputPaths = (
			);
			runOnlyForDeploymentPostprocessing = 0;
			shellPath = /bin/sh;
			shellScript = "\"${SRCROOT}/Pods/Target Support Files/Pods-BookmarkMobile/Pods-BookmarkMobile-resources.sh\"\n";
			showEnvVarsInLog = 0;
		};
		6989CED72045377700157BDB /* ShellScript */ = {
			isa = PBXShellScriptBuildPhase;
			buildActionMask = 2147483647;
			files = (
			);
			inputPaths = (
			);
			outputPaths = (
			);
			runOnlyForDeploymentPostprocessing = 0;
			shellPath = /bin/sh;
			shellScript = "\"${PODS_ROOT}/SwiftLint/swiftlint\"";
		};
		6989CEDC204538BB00157BDB /* ShellScript */ = {
			isa = PBXShellScriptBuildPhase;
			buildActionMask = 2147483647;
			files = (
			);
			inputPaths = (
			);
			outputPaths = (
			);
			runOnlyForDeploymentPostprocessing = 0;
			shellPath = /bin/sh;
			shellScript = "TAGS=\"TODO:|FIXME:\"\nERRORTAG=\"ERROR:\"\nfind \"${SRCROOT}\" \\( -name \"*.h\" -or -name \"*.m\" -or -name \"*.swift\" -type f\\) -print0 | xargs -0 egrep --with-filename --line-number --only-matching \"($TAGS).*\\$|($ERRORTAG).*\\$\" | perl -p -e \"s/($TAGS)/ warning: \\$1/\" | perl -p -e \"s/($ERRORTAG)/ error: \\$1/\"";
		};
		73D6617139E6FE066338721D /* [CP] Check Pods Manifest.lock */ = {
			isa = PBXShellScriptBuildPhase;
			buildActionMask = 2147483647;
			files = (
			);
			inputPaths = (
				"${PODS_PODFILE_DIR_PATH}/Podfile.lock",
				"${PODS_ROOT}/Manifest.lock",
			);
			name = "[CP] Check Pods Manifest.lock";
			outputPaths = (
				"$(DERIVED_FILE_DIR)/Pods-BookmarkMobile-checkManifestLockResult.txt",
			);
			runOnlyForDeploymentPostprocessing = 0;
			shellPath = /bin/sh;
			shellScript = "diff \"${PODS_ROOT}/../Podfile.lock\" \"${PODS_ROOT}/Manifest.lock\" > /dev/null\nif [ $? != 0 ] ; then\n    # print error to STDERR\n    echo \"error: The sandbox is not in sync with the Podfile.lock. Run 'pod install' or update your CocoaPods installation.\" >&2\n    exit 1\nfi\n";
			showEnvVarsInLog = 0;
		};
		9122F9E2C8A4B30E269A7E0F /* [CP] Embed Pods Frameworks */ = {
			isa = PBXShellScriptBuildPhase;
			buildActionMask = 2147483647;
			files = (
			);
			inputPaths = (
				"${SRCROOT}/Pods/Target Support Files/Pods-BookmarkMobile/Pods-BookmarkMobile-frameworks.sh",
				"${BUILT_PRODUCTS_DIR}/Alamofire/Alamofire.framework",
				"${BUILT_PRODUCTS_DIR}/ObjectMapper/ObjectMapper.framework",
				"${BUILT_PRODUCTS_DIR}/SVProgressHUD/SVProgressHUD.framework",
				"${BUILT_PRODUCTS_DIR}/SwiftyJSON/SwiftyJSON.framework",
			);
			name = "[CP] Embed Pods Frameworks";
			outputPaths = (
				"${TARGET_BUILD_DIR}/${FRAMEWORKS_FOLDER_PATH}/Alamofire.framework",
				"${TARGET_BUILD_DIR}/${FRAMEWORKS_FOLDER_PATH}/ObjectMapper.framework",
				"${TARGET_BUILD_DIR}/${FRAMEWORKS_FOLDER_PATH}/SVProgressHUD.framework",
				"${TARGET_BUILD_DIR}/${FRAMEWORKS_FOLDER_PATH}/SwiftyJSON.framework",
			);
			runOnlyForDeploymentPostprocessing = 0;
			shellPath = /bin/sh;
			shellScript = "\"${SRCROOT}/Pods/Target Support Files/Pods-BookmarkMobile/Pods-BookmarkMobile-frameworks.sh\"\n";
			showEnvVarsInLog = 0;
		};
		CE86893352ED81A81B1351B3 /* [CP] Embed Pods Frameworks */ = {
			isa = PBXShellScriptBuildPhase;
			buildActionMask = 2147483647;
			files = (
			);
			inputPaths = (
			);
			name = "[CP] Embed Pods Frameworks";
			outputPaths = (
			);
			runOnlyForDeploymentPostprocessing = 0;
			shellPath = /bin/sh;
			shellScript = "\"${SRCROOT}/Pods/Target Support Files/Pods-BookmarkMobileTests/Pods-BookmarkMobileTests-frameworks.sh\"\n";
			showEnvVarsInLog = 0;
		};
		D0D44F90384C2A4BD96CFAEA /* [CP] Check Pods Manifest.lock */ = {
			isa = PBXShellScriptBuildPhase;
			buildActionMask = 2147483647;
			files = (
			);
			inputPaths = (
				"${PODS_PODFILE_DIR_PATH}/Podfile.lock",
				"${PODS_ROOT}/Manifest.lock",
			);
			name = "[CP] Check Pods Manifest.lock";
			outputPaths = (
				"$(DERIVED_FILE_DIR)/Pods-BookmarkMobileTests-checkManifestLockResult.txt",
			);
			runOnlyForDeploymentPostprocessing = 0;
			shellPath = /bin/sh;
			shellScript = "diff \"${PODS_ROOT}/../Podfile.lock\" \"${PODS_ROOT}/Manifest.lock\" > /dev/null\nif [ $? != 0 ] ; then\n    # print error to STDERR\n    echo \"error: The sandbox is not in sync with the Podfile.lock. Run 'pod install' or update your CocoaPods installation.\" >&2\n    exit 1\nfi\n";
			showEnvVarsInLog = 0;
		};
/* End PBXShellScriptBuildPhase section */

/* Begin PBXSourcesBuildPhase section */
		8408E01B2036D68F004ABC0A /* Sources */ = {
			isa = PBXSourcesBuildPhase;
			buildActionMask = 2147483647;
			files = (
				4C4C4F6620504833003DC903 /* EBMainLoyaltyView.swift in Sources */,
				4C36B1C3204568870055DB00 /* CollapsibleTableViewHeader.swift in Sources */,
				4C19C76F20553806001FFDD6 /* AddOnsTableViewController.swift in Sources */,
				4C9343B5203AF36F00848B9E /* HorizontalSlider.swift in Sources */,
				45C35D1F204C67AF00B21B52 /* StepperComponentView.swift in Sources */,
				4CBAD1FE203C0AEA00FC412B /* StepperButton.swift in Sources */,
				8408E06A203C1013004ABC0A /* Styling.swift in Sources */,
				4CC89618204EF04800A2A87A /* EBTopLoyaltyView.swift in Sources */,
				4C7EBCBA2046989200D762EE /* CustomPopup.swift in Sources */,
				4CC89614204EC90400A2A87A /* EBUsageInfoPageView.swift in Sources */,
				4C741555203C678F00A32734 /* ColorExtension.swift in Sources */,
				4577DEB3203D85A70076A7D8 /* AddOnsButtonView.swift in Sources */,
				8408E05C2036FA36004ABC0A /* BookmarkSessionManager.swift in Sources */,
				8408E06C203C1033004ABC0A /* RoundView.swift in Sources */,
				4C451A1F20405E3700FF9E3D /* EBCellView.swift in Sources */,
				453F8E882050115A00EDA6D2 /* TopMenuButtonView.swift in Sources */,
				8408E07D203C6573004ABC0A /* UmutViewController.swift in Sources */,
				8408E06E203C12D6004ABC0A /* testComponent.swift in Sources */,
				4C451A1D2040170700FF9E3D /* EBHeaderView.swift in Sources */,
				0BB7FA85204C16A20076BF66 /* BasePageViewController.swift in Sources */,
				69017B7E203712160046B009 /* IsNetworkConnectivityAvailable.swift in Sources */,
				4C741553203C670600A32734 /* EBLabel.swift in Sources */,
				45C35D132046CBDB00B21B52 /* PopUpView.swift in Sources */,
				8408E0252036D68F004ABC0A /* ViewController.swift in Sources */,
				4CCB4DC42057A90C00405261 /* ViewControllerExtension.swift in Sources */,
				0BB7FA7F204BF4C00076BF66 /* EBPageViewController.swift in Sources */,
				8408E079203C655C004ABC0A /* BilgeViewController.swift in Sources */,
				8408E075203C6480004ABC0A /* AlaattinViewController.swift in Sources */,
				45B481E820515BBF0094F6D2 /* AddAddOnsHeaderView.swift in Sources */,
				4CCB4DC22057A51200405261 /* LoginViewController.swift in Sources */,
				4C36B1C4204568870055DB00 /* ViewExtensions.swift in Sources */,
				8408E085203C6594004ABC0A /* EnesViewController.swift in Sources */,
				4C5AFF79204E793D00572447 /* FooterView.swift in Sources */,
				69017B7C20370FC00046B009 /* StringExtension.swift in Sources */,
				69004CCB203D540700CC1215 /* HeaderView.swift in Sources */,
				4C36B1C5204568870055DB00 /* ExampleData.swift in Sources */,
				4CCB4DC02057A42C00405261 /* EBTextfield.swift in Sources */,
				453A5557204ECCA200E19887 /* InformationCellView.swift in Sources */,
				4C8B90ED204D97E3001C730C /* EBLevelKnowledge.swift in Sources */,
				4C36B1C6204568870055DB00 /* CollapsibleTableViewCell.swift in Sources */,
				8408E0232036D68F004ABC0A /* AppDelegate.swift in Sources */,
				4C4C4F6020501220003DC903 /* LoyaltyScrollView.swift in Sources */,
				4C3B0459203ECF4D00A01E94 /* CHorizontalSlider.swift in Sources */,
				45C35D172046F8C600B21B52 /* ExpendHeaderView.swift in Sources */,
				4CCB4DBE20579FED00405261 /* TextfieldExtension.swift in Sources */,
				0BB7FA7D204BF4C00076BF66 /* RedViewController.swift in Sources */,
				4CCB4DC62057BA1300405261 /* LoginWithView.swift in Sources */,
				4CC89616204EC97800A2A87A /* UsageInfoViewController.swift in Sources */,
				8408E070203C12EF004ABC0A /* testCell.swift in Sources */,
				0BB7FA81204BF4C00076BF66 /* GreenViewController.swift in Sources */,
				4C19C771205538C3001FFDD6 /* AddOnsTableViewHeader.swift in Sources */,
				45CF9D2F203ED56800A564CF /* ChangeButtonView.swift in Sources */,
				45C35D1D204C4A6800B21B52 /* SwitchStepperView.swift in Sources */,
				45C35D192047E15E00B21B52 /* CloseButton.swift in Sources */,
				8408E067203BFA3E004ABC0A /* AlignedImageButton.swift in Sources */,
				4CA3C37B2052B9CB00012E68 /* BaseTableViewCell.swift in Sources */,
				8408E0592036F5A5004ABC0A /* Utilities.swift in Sources */,
				8408E081203C6583004ABC0A /* OzcanViewController.swift in Sources */,
				45B481E6205040C00094F6D2 /* LoyaltyButtonView.swift in Sources */,
				8408E065203AD05F004ABC0A /* RoundButton.swift in Sources */,
				45C35D1B204964FC00B21B52 /* StepperView.swift in Sources */,
				69316E74203AC01B00AC2F10 /* MemorizationView.swift in Sources */,
				4C3B0457203EB3B200A01E94 /* EBView.swift in Sources */,
				8408E0562036F01A004ABC0A /* Message.swift in Sources */,
				0BB7FA83204C08090076BF66 /* EBScrollView.swift in Sources */,
				453A555B204EE19A00E19887 /* InformationTableViewController.swift in Sources */,
				8408E05E203710AE004ABC0A /* BaseViewController.swift in Sources */,
				4C19C76D20553398001FFDD6 /* UserAccountPlansTableViewController.swift in Sources */,
				4C18BF4E204C4DBC00DDFF9C /* MainScrollView.swift in Sources */,
				45CF9D332040053400A564CF /* ThreeButtonView.swift in Sources */,
				0BB7FA7E204BF4C00076BF66 /* BlueViewController.swift in Sources */,
				4C839B0F2057CB480031ABF2 /* LoginFooterButtonView.swift in Sources */,
				45CCA134204D990500C56D66 /* UsageInformationView.swift in Sources */,
			);
			runOnlyForDeploymentPostprocessing = 0;
		};
		8408E02F2036D68F004ABC0A /* Sources */ = {
			isa = PBXSourcesBuildPhase;
			buildActionMask = 2147483647;
			files = (
				8408E0382036D68F004ABC0A /* BookmarkMobileTests.swift in Sources */,
				8408E089203D58DB004ABC0A /* MessageTests.swift in Sources */,
			);
			runOnlyForDeploymentPostprocessing = 0;
		};
		8408E03A2036D68F004ABC0A /* Sources */ = {
			isa = PBXSourcesBuildPhase;
			buildActionMask = 2147483647;
			files = (
				8408E0432036D68F004ABC0A /* BookmarkMobileUITests.swift in Sources */,
			);
			runOnlyForDeploymentPostprocessing = 0;
		};
/* End PBXSourcesBuildPhase section */

/* Begin PBXTargetDependency section */
		8408E0352036D68F004ABC0A /* PBXTargetDependency */ = {
			isa = PBXTargetDependency;
			target = 8408E01E2036D68F004ABC0A /* BookmarkMobile */;
			targetProxy = 8408E0342036D68F004ABC0A /* PBXContainerItemProxy */;
		};
		8408E0402036D68F004ABC0A /* PBXTargetDependency */ = {
			isa = PBXTargetDependency;
			target = 8408E01E2036D68F004ABC0A /* BookmarkMobile */;
			targetProxy = 8408E03F2036D68F004ABC0A /* PBXContainerItemProxy */;
		};
/* End PBXTargetDependency section */

/* Begin PBXVariantGroup section */
		8408E02B2036D68F004ABC0A /* LaunchScreen.storyboard */ = {
			isa = PBXVariantGroup;
			children = (
				8408E02C2036D68F004ABC0A /* Base */,
				849267032057C2AC00B32ACD /* en */,
				849267042057C2B700B32ACD /* fr */,
			);
			name = LaunchScreen.storyboard;
			sourceTree = "<group>";
		};
		849267052057C31E00B32ACD /* Localizable.strings */ = {
			isa = PBXVariantGroup;
			children = (
				849267062057C31E00B32ACD /* Base */,
				849267082057C32700B32ACD /* en */,
				849267092057C32800B32ACD /* fr */,
			);
			name = Localizable.strings;
			sourceTree = "<group>";
		};
/* End PBXVariantGroup section */

/* Begin XCBuildConfiguration section */
		8408E0452036D68F004ABC0A /* Debug */ = {
			isa = XCBuildConfiguration;
			buildSettings = {
				ALWAYS_SEARCH_USER_PATHS = NO;
				CLANG_ANALYZER_LOCALIZABILITY_NONLOCALIZED = YES;
				CLANG_ANALYZER_NONNULL = YES;
				CLANG_ANALYZER_NUMBER_OBJECT_CONVERSION = YES_AGGRESSIVE;
				CLANG_CXX_LANGUAGE_STANDARD = "gnu++14";
				CLANG_CXX_LIBRARY = "libc++";
				CLANG_ENABLE_MODULES = YES;
				CLANG_ENABLE_OBJC_ARC = YES;
				CLANG_WARN_BLOCK_CAPTURE_AUTORELEASING = YES;
				CLANG_WARN_BOOL_CONVERSION = YES;
				CLANG_WARN_COMMA = YES;
				CLANG_WARN_CONSTANT_CONVERSION = YES;
				CLANG_WARN_DIRECT_OBJC_ISA_USAGE = YES_ERROR;
				CLANG_WARN_DOCUMENTATION_COMMENTS = YES;
				CLANG_WARN_EMPTY_BODY = YES;
				CLANG_WARN_ENUM_CONVERSION = YES;
				CLANG_WARN_INFINITE_RECURSION = YES;
				CLANG_WARN_INT_CONVERSION = YES;
				CLANG_WARN_NON_LITERAL_NULL_CONVERSION = YES;
				CLANG_WARN_OBJC_LITERAL_CONVERSION = YES;
				CLANG_WARN_OBJC_ROOT_CLASS = YES_ERROR;
				CLANG_WARN_RANGE_LOOP_ANALYSIS = YES;
				CLANG_WARN_STRICT_PROTOTYPES = YES;
				CLANG_WARN_SUSPICIOUS_MOVE = YES;
				CLANG_WARN_UNGUARDED_AVAILABILITY = YES_AGGRESSIVE;
				CLANG_WARN_UNREACHABLE_CODE = YES;
				CLANG_WARN__DUPLICATE_METHOD_MATCH = YES;
				CODE_SIGN_IDENTITY = "iPhone Developer";
				COPY_PHASE_STRIP = NO;
				DEBUG_INFORMATION_FORMAT = dwarf;
				ENABLE_STRICT_OBJC_MSGSEND = YES;
				ENABLE_TESTABILITY = YES;
				GCC_C_LANGUAGE_STANDARD = gnu11;
				GCC_DYNAMIC_NO_PIC = NO;
				GCC_NO_COMMON_BLOCKS = YES;
				GCC_OPTIMIZATION_LEVEL = 0;
				GCC_PREPROCESSOR_DEFINITIONS = (
					"DEBUG=1",
					"$(inherited)",
				);
				GCC_WARN_64_TO_32_BIT_CONVERSION = YES;
				GCC_WARN_ABOUT_RETURN_TYPE = YES_ERROR;
				GCC_WARN_UNDECLARED_SELECTOR = YES;
				GCC_WARN_UNINITIALIZED_AUTOS = YES_AGGRESSIVE;
				GCC_WARN_UNUSED_FUNCTION = YES;
				GCC_WARN_UNUSED_VARIABLE = YES;
				IPHONEOS_DEPLOYMENT_TARGET = 11.2;
				MTL_ENABLE_DEBUG_INFO = YES;
				ONLY_ACTIVE_ARCH = YES;
				SDKROOT = iphoneos;
				SWIFT_ACTIVE_COMPILATION_CONDITIONS = DEBUG;
				SWIFT_OPTIMIZATION_LEVEL = "-Onone";
			};
			name = Debug;
		};
		8408E0462036D68F004ABC0A /* Release */ = {
			isa = XCBuildConfiguration;
			buildSettings = {
				ALWAYS_SEARCH_USER_PATHS = NO;
				CLANG_ANALYZER_LOCALIZABILITY_NONLOCALIZED = YES;
				CLANG_ANALYZER_NONNULL = YES;
				CLANG_ANALYZER_NUMBER_OBJECT_CONVERSION = YES_AGGRESSIVE;
				CLANG_CXX_LANGUAGE_STANDARD = "gnu++14";
				CLANG_CXX_LIBRARY = "libc++";
				CLANG_ENABLE_MODULES = YES;
				CLANG_ENABLE_OBJC_ARC = YES;
				CLANG_WARN_BLOCK_CAPTURE_AUTORELEASING = YES;
				CLANG_WARN_BOOL_CONVERSION = YES;
				CLANG_WARN_COMMA = YES;
				CLANG_WARN_CONSTANT_CONVERSION = YES;
				CLANG_WARN_DIRECT_OBJC_ISA_USAGE = YES_ERROR;
				CLANG_WARN_DOCUMENTATION_COMMENTS = YES;
				CLANG_WARN_EMPTY_BODY = YES;
				CLANG_WARN_ENUM_CONVERSION = YES;
				CLANG_WARN_INFINITE_RECURSION = YES;
				CLANG_WARN_INT_CONVERSION = YES;
				CLANG_WARN_NON_LITERAL_NULL_CONVERSION = YES;
				CLANG_WARN_OBJC_LITERAL_CONVERSION = YES;
				CLANG_WARN_OBJC_ROOT_CLASS = YES_ERROR;
				CLANG_WARN_RANGE_LOOP_ANALYSIS = YES;
				CLANG_WARN_STRICT_PROTOTYPES = YES;
				CLANG_WARN_SUSPICIOUS_MOVE = YES;
				CLANG_WARN_UNGUARDED_AVAILABILITY = YES_AGGRESSIVE;
				CLANG_WARN_UNREACHABLE_CODE = YES;
				CLANG_WARN__DUPLICATE_METHOD_MATCH = YES;
				CODE_SIGN_IDENTITY = "iPhone Developer";
				COPY_PHASE_STRIP = NO;
				DEBUG_INFORMATION_FORMAT = "dwarf-with-dsym";
				ENABLE_NS_ASSERTIONS = NO;
				ENABLE_STRICT_OBJC_MSGSEND = YES;
				GCC_C_LANGUAGE_STANDARD = gnu11;
				GCC_NO_COMMON_BLOCKS = YES;
				GCC_WARN_64_TO_32_BIT_CONVERSION = YES;
				GCC_WARN_ABOUT_RETURN_TYPE = YES_ERROR;
				GCC_WARN_UNDECLARED_SELECTOR = YES;
				GCC_WARN_UNINITIALIZED_AUTOS = YES_AGGRESSIVE;
				GCC_WARN_UNUSED_FUNCTION = YES;
				GCC_WARN_UNUSED_VARIABLE = YES;
				IPHONEOS_DEPLOYMENT_TARGET = 11.2;
				MTL_ENABLE_DEBUG_INFO = NO;
				SDKROOT = iphoneos;
				SWIFT_OPTIMIZATION_LEVEL = "-Owholemodule";
				VALIDATE_PRODUCT = YES;
			};
			name = Release;
		};
		8408E0482036D68F004ABC0A /* Debug */ = {
			isa = XCBuildConfiguration;
			baseConfigurationReference = 4AB81D1AB5BF29F3D76A801D /* Pods-BookmarkMobile.debug.xcconfig */;
			buildSettings = {
				ASSETCATALOG_COMPILER_APPICON_NAME = AppIcon;
				"CODE_SIGN_IDENTITY[sdk=iphoneos*]" = "iPhone Developer";
				CODE_SIGN_STYLE = Automatic;
				DEVELOPMENT_TEAM = MHJ8EWL6NT;
				INFOPLIST_FILE = BookmarkMobile/Info.plist;
				LD_RUNPATH_SEARCH_PATHS = "$(inherited) @executable_path/Frameworks";
				PRODUCT_BUNDLE_IDENTIFIER = com.bookmark.BookmarkMobile;
				PRODUCT_NAME = "$(TARGET_NAME)";
				PROVISIONING_PROFILE_SPECIFIER = "";
				SWIFT_VERSION = 4.0;
				TARGETED_DEVICE_FAMILY = "1,2";
			};
			name = Debug;
		};
		8408E0492036D68F004ABC0A /* Release */ = {
			isa = XCBuildConfiguration;
			baseConfigurationReference = 334DDC35F148B7AFC7B97028 /* Pods-BookmarkMobile.release.xcconfig */;
			buildSettings = {
				ASSETCATALOG_COMPILER_APPICON_NAME = AppIcon;
				"CODE_SIGN_IDENTITY[sdk=iphoneos*]" = "iPhone Developer";
				CODE_SIGN_STYLE = Automatic;
				DEVELOPMENT_TEAM = MHJ8EWL6NT;
				INFOPLIST_FILE = BookmarkMobile/Info.plist;
				LD_RUNPATH_SEARCH_PATHS = "$(inherited) @executable_path/Frameworks";
				PRODUCT_BUNDLE_IDENTIFIER = com.bookmark.BookmarkMobile;
				PRODUCT_NAME = "$(TARGET_NAME)";
				PROVISIONING_PROFILE_SPECIFIER = "";
				SWIFT_VERSION = 4.0;
				TARGETED_DEVICE_FAMILY = "1,2";
			};
			name = Release;
		};
		8408E04B2036D68F004ABC0A /* Debug */ = {
			isa = XCBuildConfiguration;
			baseConfigurationReference = 04EAEC40EDE44A7D20DF142F /* Pods-BookmarkMobileTests.debug.xcconfig */;
			buildSettings = {
				ALWAYS_EMBED_SWIFT_STANDARD_LIBRARIES = YES;
				BUNDLE_LOADER = "$(TEST_HOST)";
				CODE_SIGN_STYLE = Automatic;
				DEVELOPMENT_TEAM = KHRD8446CX;
				INFOPLIST_FILE = BookmarkMobileTests/Info.plist;
				LD_RUNPATH_SEARCH_PATHS = "$(inherited) @executable_path/Frameworks @loader_path/Frameworks";
				PRODUCT_BUNDLE_IDENTIFIER = com.bookmark.BookmarkMobileTests;
				PRODUCT_NAME = "$(TARGET_NAME)";
				SWIFT_VERSION = 4.0;
				TARGETED_DEVICE_FAMILY = "1,2";
				TEST_HOST = "$(BUILT_PRODUCTS_DIR)/BookmarkMobile.app/BookmarkMobile";
			};
			name = Debug;
		};
		8408E04C2036D68F004ABC0A /* Release */ = {
			isa = XCBuildConfiguration;
			baseConfigurationReference = DE513DAE58555C52CDA16578 /* Pods-BookmarkMobileTests.release.xcconfig */;
			buildSettings = {
				ALWAYS_EMBED_SWIFT_STANDARD_LIBRARIES = YES;
				BUNDLE_LOADER = "$(TEST_HOST)";
				CODE_SIGN_STYLE = Automatic;
				DEVELOPMENT_TEAM = KHRD8446CX;
				INFOPLIST_FILE = BookmarkMobileTests/Info.plist;
				LD_RUNPATH_SEARCH_PATHS = "$(inherited) @executable_path/Frameworks @loader_path/Frameworks";
				PRODUCT_BUNDLE_IDENTIFIER = com.bookmark.BookmarkMobileTests;
				PRODUCT_NAME = "$(TARGET_NAME)";
				SWIFT_VERSION = 4.0;
				TARGETED_DEVICE_FAMILY = "1,2";
				TEST_HOST = "$(BUILT_PRODUCTS_DIR)/BookmarkMobile.app/BookmarkMobile";
			};
			name = Release;
		};
		8408E04E2036D68F004ABC0A /* Debug */ = {
			isa = XCBuildConfiguration;
			baseConfigurationReference = AFE951CA1B8A879DDAAF64B0 /* Pods-BookmarkMobileUITests.debug.xcconfig */;
			buildSettings = {
				ALWAYS_EMBED_SWIFT_STANDARD_LIBRARIES = YES;
				CODE_SIGN_STYLE = Automatic;
				DEVELOPMENT_TEAM = KHRD8446CX;
				INFOPLIST_FILE = BookmarkMobileUITests/Info.plist;
				LD_RUNPATH_SEARCH_PATHS = "$(inherited) @executable_path/Frameworks @loader_path/Frameworks";
				PRODUCT_BUNDLE_IDENTIFIER = com.bookmark.BookmarkMobileUITests;
				PRODUCT_NAME = "$(TARGET_NAME)";
				SWIFT_VERSION = 4.0;
				TARGETED_DEVICE_FAMILY = "1,2";
				TEST_TARGET_NAME = BookmarkMobile;
			};
			name = Debug;
		};
		8408E04F2036D68F004ABC0A /* Release */ = {
			isa = XCBuildConfiguration;
			baseConfigurationReference = 44A3CB195EA69579FD23CDC9 /* Pods-BookmarkMobileUITests.release.xcconfig */;
			buildSettings = {
				ALWAYS_EMBED_SWIFT_STANDARD_LIBRARIES = YES;
				CODE_SIGN_STYLE = Automatic;
				DEVELOPMENT_TEAM = KHRD8446CX;
				INFOPLIST_FILE = BookmarkMobileUITests/Info.plist;
				LD_RUNPATH_SEARCH_PATHS = "$(inherited) @executable_path/Frameworks @loader_path/Frameworks";
				PRODUCT_BUNDLE_IDENTIFIER = com.bookmark.BookmarkMobileUITests;
				PRODUCT_NAME = "$(TARGET_NAME)";
				SWIFT_VERSION = 4.0;
				TARGETED_DEVICE_FAMILY = "1,2";
				TEST_TARGET_NAME = BookmarkMobile;
			};
			name = Release;
		};
/* End XCBuildConfiguration section */

/* Begin XCConfigurationList section */
		8408E01A2036D68F004ABC0A /* Build configuration list for PBXProject "BookmarkMobile" */ = {
			isa = XCConfigurationList;
			buildConfigurations = (
				8408E0452036D68F004ABC0A /* Debug */,
				8408E0462036D68F004ABC0A /* Release */,
			);
			defaultConfigurationIsVisible = 0;
			defaultConfigurationName = Release;
		};
		8408E0472036D68F004ABC0A /* Build configuration list for PBXNativeTarget "BookmarkMobile" */ = {
			isa = XCConfigurationList;
			buildConfigurations = (
				8408E0482036D68F004ABC0A /* Debug */,
				8408E0492036D68F004ABC0A /* Release */,
			);
			defaultConfigurationIsVisible = 0;
			defaultConfigurationName = Release;
		};
		8408E04A2036D68F004ABC0A /* Build configuration list for PBXNativeTarget "BookmarkMobileTests" */ = {
			isa = XCConfigurationList;
			buildConfigurations = (
				8408E04B2036D68F004ABC0A /* Debug */,
				8408E04C2036D68F004ABC0A /* Release */,
			);
			defaultConfigurationIsVisible = 0;
			defaultConfigurationName = Release;
		};
		8408E04D2036D68F004ABC0A /* Build configuration list for PBXNativeTarget "BookmarkMobileUITests" */ = {
			isa = XCConfigurationList;
			buildConfigurations = (
				8408E04E2036D68F004ABC0A /* Debug */,
				8408E04F2036D68F004ABC0A /* Release */,
			);
			defaultConfigurationIsVisible = 0;
			defaultConfigurationName = Release;
		};
/* End XCConfigurationList section */
	};
	rootObject = 8408E0172036D68F004ABC0A /* Project object */;
}
